
Microsoft Visual Studio Solution File, Format Version 12.00
# Visual Studio Version 17
VisualStudioVersion = 17.1.32328.378
MinimumVisualStudioVersion = 10.0.40219.1
Project("{FAE04EC0-301F-11D3-BF4B-00C04F79EFBC}") = "ChainOfResponsability", "ChainOfResponsability\ChainOfResponsability.csproj", "{6F79B2E6-EDE0-428E-8949-7F058F045ABF}"
EndProject
Project("{FAE04EC0-301F-11D3-BF4B-00C04F79EFBC}") = "Mediator_Pattern", "Mediator_Pattern\Mediator_Pattern.csproj", "{099839BC-5A7E-4F8B-A359-7061DFF20DB4}"
EndProject
Project("{FAE04EC0-301F-11D3-BF4B-00C04F79EFBC}") = "Facade_Pattern", "Facade_Pattern\Facade_Pattern.csproj", "{E0ACCD18-3134-4562-B0F4-9B192017FD93}"
EndProject
Global
	GlobalSection(SolutionConfigurationPlatforms) = preSolution
		Debug|Any CPU = Debug|Any CPU
		Release|Any CPU = Release|Any CPU
	EndGlobalSection
	GlobalSection(ProjectConfigurationPlatforms) = postSolution
		{6F79B2E6-EDE0-428E-8949-7F058F045ABF}.Debug|Any CPU.ActiveCfg = Debug|Any CPU
		{6F79B2E6-EDE0-428E-8949-7F058F045ABF}.Debug|Any CPU.Build.0 = Debug|Any CPU
		{6F79B2E6-EDE0-428E-8949-7F058F045ABF}.Release|Any CPU.ActiveCfg = Release|Any CPU
		{6F79B2E6-EDE0-428E-8949-7F058F045ABF}.Release|Any CPU.Build.0 = Release|Any CPU
		{099839BC-5A7E-4F8B-A359-7061DFF20DB4}.Debug|Any CPU.ActiveCfg = Debug|Any CPU
		{099839BC-5A7E-4F8B-A359-7061DFF20DB4}.Debug|Any CPU.Build.0 = Debug|Any CPU
		{099839BC-5A7E-4F8B-A359-7061DFF20DB4}.Release|Any CPU.ActiveCfg = Release|Any CPU
		{099839BC-5A7E-4F8B-A359-7061DFF20DB4}.Release|Any CPU.Build.0 = Release|Any CPU
		{E0ACCD18-3134-4562-B0F4-9B192017FD93}.Debug|Any CPU.ActiveCfg = Debug|Any CPU
		{E0ACCD18-3134-4562-B0F4-9B192017FD93}.Debug|Any CPU.Build.0 = Debug|Any CPU
		{E0ACCD18-3134-4562-B0F4-9B192017FD93}.Release|Any CPU.ActiveCfg = Release|Any CPU
		{E0ACCD18-3134-4562-B0F4-9B192017FD93}.Release|Any CPU.Build.0 = Release|Any CPU
	EndGlobalSection
	GlobalSection(SolutionProperties) = preSolution
		HideSolutionNode = FALSE
	EndGlobalSection
	GlobalSection(ExtensibilityGlobals) = postSolution
		SolutionGuid = {75ADF90D-098C-49CA-AA73-149D70F83556}
	EndGlobalSection
EndGlobal
